
Microsoft Visual Studio Solution File, Format Version 12.00
# Visual Studio Version 16
VisualStudioVersion = 16.0.31005.135
MinimumVisualStudioVersion = 10.0.40219.1
Project("{FAE04EC0-301F-11D3-BF4B-00C04F79EFBC}") = "Calcul_1", "Calcul_1\Calcul_1.csproj", "{5C1CD329-CA42-4C6E-B45C-C7E09EB7B836}"
EndProject
Global
	GlobalSection(SolutionConfigurationPlatforms) = preSolution
		Debug|Any CPU = Debug|Any CPU
		Release|Any CPU = Release|Any CPU
	EndGlobalSection
	GlobalSection(ProjectConfigurationPlatforms) = postSolution
		{5C1CD329-CA42-4C6E-B45C-C7E09EB7B836}.Debug|Any CPU.ActiveCfg = Debug|Any CPU
		{5C1CD329-CA42-4C6E-B45C-C7E09EB7B836}.Debug|Any CPU.Build.0 = Debug|Any CPU
		{5C1CD329-CA42-4C6E-B45C-C7E09EB7B836}.Release|Any CPU.ActiveCfg = Release|Any CPU
		{5C1CD329-CA42-4C6E-B45C-C7E09EB7B836}.Release|Any CPU.Build.0 = Release|Any CPU
	EndGlobalSection
	GlobalSection(SolutionProperties) = preSolution
		HideSolutionNode = FALSE
	EndGlobalSection
	GlobalSection(ExtensibilityGlobals) = postSolution
		SolutionGuid = {79B0ED1C-B08A-4A51-BF85-61C40E83E65F}
	EndGlobalSection
EndGlobal
